
Microsoft Visual Studio Solution File, Format Version 12.00
# Visual Studio Version 17
VisualStudioVersion = 17.3.32901.215
MinimumVisualStudioVersion = 10.0.40219.1
Project("{2150E333-8FDC-42A3-9474-1A3956D46DE8}") = "src", "src", "{A5F52739-DCFB-4656-89BB-FEF76E6718C5}"
EndProject
Project("{9A19103F-16F7-4668-BE54-9A1E7A4F7556}") = "AdionFA.Domain", "src\AdionFA.Domain\AdionFA.Domain.csproj", "{0716628B-2C68-4254-9401-F14F77AF2D05}"
EndProject
Project("{9A19103F-16F7-4668-BE54-9A1E7A4F7556}") = "AdionFA.Infrastructure", "src\AdionFA.Infrastructure\AdionFA.Infrastructure.csproj", "{30FDBE0F-CBED-4DAA-803F-C7955913D71F}"
EndProject
Project("{9A19103F-16F7-4668-BE54-9A1E7A4F7556}") = "AdionFA.Application", "src\AdionFA.Application\AdionFA.Application.csproj", "{F376B512-F8BA-4D7D-A9D3-3FB146FA360A}"
EndProject
Project("{9A19103F-16F7-4668-BE54-9A1E7A4F7556}") = "AdionFA.TransferObject", "src\AdionFA.TransferObject\AdionFA.TransferObject.csproj", "{627743D7-C8D7-4E6A-9256-B93F3AD0227C}"
EndProject
Project("{2150E333-8FDC-42A3-9474-1A3956D46DE8}") = "UI", "UI", "{5D854906-F5C2-441C-BD85-E3CFDEEBEF4D}"
EndProject
Project("{9A19103F-16F7-4668-BE54-9A1E7A4F7556}") = "AdionFA.UI.Station", "src\UI\AdionFA.UI.Station\AdionFA.UI.Station.csproj", "{510D2575-70F2-4AFC-9625-946BB1C00772}"
EndProject
Project("{9A19103F-16F7-4668-BE54-9A1E7A4F7556}") = "AdionFA.UI.Infrastructure", "src\UI\AdionFA.UI.Station.Infrastructure\AdionFA.UI.Infrastructure.csproj", "{94C94BE1-8603-46E2-93E8-28ED2F94E2E5}"
EndProject
Project("{9A19103F-16F7-4668-BE54-9A1E7A4F7556}") = "AdionFA.UI.ProjectStation", "src\UI\AdionFA.UI.ProjectStation\AdionFA.UI.ProjectStation.csproj", "{A18E4328-7458-4E79-A5F7-F1A918931B72}"
EndProject
Project("{2150E333-8FDC-42A3-9474-1A3956D46DE8}") = "Modules", "Modules", "{6BF89485-E06E-4DA2-963B-822819F7A39D}"
EndProject
Project("{2150E333-8FDC-42A3-9474-1A3956D46DE8}") = "Controls", "Controls", "{86F32C2D-3669-4EE3-9CAF-F21565CAA600}"
EndProject
Project("{9A19103F-16F7-4668-BE54-9A1E7A4F7556}") = "AdionFA.UI.Module.Dashboard", "src\UI\Modules\Dashboard\AdionFA.UI.Module.Dashboard.csproj", "{69ED7C8D-AD69-410B-B7F7-A28E825545D0}"
EndProject
Project("{9A19103F-16F7-4668-BE54-9A1E7A4F7556}") = "AdionFA.UI.Module.Shell", "src\UI\Modules\Shell\AdionFA.UI.Module.Shell.csproj", "{6D5F5DF6-4A8A-4A2A-B7AC-79EF66AB645C}"
EndProject
Project("{9A19103F-16F7-4668-BE54-9A1E7A4F7556}") = "AdionFA.UI.Controls.SearchBoxControl", "src\UI\Controls\SearchBoxControl\AdionFA.UI.Controls.SearchBoxControl.csproj", "{B735BCEB-0D48-4913-9B60-15B84A74600E}"
EndProject
Project("{9A19103F-16F7-4668-BE54-9A1E7A4F7556}") = "AdionFA.UI.LookAndFeel", "src\UI\AdionFA.UI.Station.LookAndFeel\AdionFA.UI.LookAndFeel.csproj", "{B49824FC-74BD-4ED0-BDB2-CF15E6BD00A3}"
EndProject
Project("{9A19103F-16F7-4668-BE54-9A1E7A4F7556}") = "AdionFA.API", "src\AdionFA.API\AdionFA.API.csproj", "{E1D7736A-16C9-4FC7-9926-F11F97B54BCB}"
EndProject
Project("{9A19103F-16F7-4668-BE54-9A1E7A4F7556}") = "AdionFA.API.Contracts", "src\AdionFA.API.Contract\AdionFA.API.Contracts.csproj", "{C57CFE9D-E722-4283-94AC-6CBD678C29ED}"
EndProject
Global
	GlobalSection(SolutionConfigurationPlatforms) = preSolution
		Debug|Any CPU = Debug|Any CPU
		Release|Any CPU = Release|Any CPU
	EndGlobalSection
	GlobalSection(ProjectConfigurationPlatforms) = postSolution
		{0716628B-2C68-4254-9401-F14F77AF2D05}.Debug|Any CPU.ActiveCfg = Debug|Any CPU
		{0716628B-2C68-4254-9401-F14F77AF2D05}.Debug|Any CPU.Build.0 = Debug|Any CPU
		{0716628B-2C68-4254-9401-F14F77AF2D05}.Release|Any CPU.ActiveCfg = Release|Any CPU
		{0716628B-2C68-4254-9401-F14F77AF2D05}.Release|Any CPU.Build.0 = Release|Any CPU
		{30FDBE0F-CBED-4DAA-803F-C7955913D71F}.Debug|Any CPU.ActiveCfg = Debug|Any CPU
		{30FDBE0F-CBED-4DAA-803F-C7955913D71F}.Debug|Any CPU.Build.0 = Debug|Any CPU
		{30FDBE0F-CBED-4DAA-803F-C7955913D71F}.Release|Any CPU.ActiveCfg = Release|Any CPU
		{30FDBE0F-CBED-4DAA-803F-C7955913D71F}.Release|Any CPU.Build.0 = Release|Any CPU
		{F376B512-F8BA-4D7D-A9D3-3FB146FA360A}.Debug|Any CPU.ActiveCfg = Debug|Any CPU
		{F376B512-F8BA-4D7D-A9D3-3FB146FA360A}.Debug|Any CPU.Build.0 = Debug|Any CPU
		{F376B512-F8BA-4D7D-A9D3-3FB146FA360A}.Release|Any CPU.ActiveCfg = Release|Any CPU
		{F376B512-F8BA-4D7D-A9D3-3FB146FA360A}.Release|Any CPU.Build.0 = Release|Any CPU
		{627743D7-C8D7-4E6A-9256-B93F3AD0227C}.Debug|Any CPU.ActiveCfg = Debug|Any CPU
		{627743D7-C8D7-4E6A-9256-B93F3AD0227C}.Debug|Any CPU.Build.0 = Debug|Any CPU
		{627743D7-C8D7-4E6A-9256-B93F3AD0227C}.Release|Any CPU.ActiveCfg = Release|Any CPU
		{627743D7-C8D7-4E6A-9256-B93F3AD0227C}.Release|Any CPU.Build.0 = Release|Any CPU
		{510D2575-70F2-4AFC-9625-946BB1C00772}.Debug|Any CPU.ActiveCfg = Debug|Any CPU
		{510D2575-70F2-4AFC-9625-946BB1C00772}.Debug|Any CPU.Build.0 = Debug|Any CPU
		{510D2575-70F2-4AFC-9625-946BB1C00772}.Release|Any CPU.ActiveCfg = Release|Any CPU
		{510D2575-70F2-4AFC-9625-946BB1C00772}.Release|Any CPU.Build.0 = Release|Any CPU
		{94C94BE1-8603-46E2-93E8-28ED2F94E2E5}.Debug|Any CPU.ActiveCfg = Debug|Any CPU
		{94C94BE1-8603-46E2-93E8-28ED2F94E2E5}.Debug|Any CPU.Build.0 = Debug|Any CPU
		{94C94BE1-8603-46E2-93E8-28ED2F94E2E5}.Release|Any CPU.ActiveCfg = Release|Any CPU
		{94C94BE1-8603-46E2-93E8-28ED2F94E2E5}.Release|Any CPU.Build.0 = Release|Any CPU
		{A18E4328-7458-4E79-A5F7-F1A918931B72}.Debug|Any CPU.ActiveCfg = Debug|Any CPU
		{A18E4328-7458-4E79-A5F7-F1A918931B72}.Debug|Any CPU.Build.0 = Debug|Any CPU
		{A18E4328-7458-4E79-A5F7-F1A918931B72}.Release|Any CPU.ActiveCfg = Release|Any CPU
		{A18E4328-7458-4E79-A5F7-F1A918931B72}.Release|Any CPU.Build.0 = Release|Any CPU
		{69ED7C8D-AD69-410B-B7F7-A28E825545D0}.Debug|Any CPU.ActiveCfg = Debug|Any CPU
		{69ED7C8D-AD69-410B-B7F7-A28E825545D0}.Debug|Any CPU.Build.0 = Debug|Any CPU
		{69ED7C8D-AD69-410B-B7F7-A28E825545D0}.Release|Any CPU.ActiveCfg = Release|Any CPU
		{69ED7C8D-AD69-410B-B7F7-A28E825545D0}.Release|Any CPU.Build.0 = Release|Any CPU
		{6D5F5DF6-4A8A-4A2A-B7AC-79EF66AB645C}.Debug|Any CPU.ActiveCfg = Debug|Any CPU
		{6D5F5DF6-4A8A-4A2A-B7AC-79EF66AB645C}.Debug|Any CPU.Build.0 = Debug|Any CPU
		{6D5F5DF6-4A8A-4A2A-B7AC-79EF66AB645C}.Release|Any CPU.ActiveCfg = Release|Any CPU
		{6D5F5DF6-4A8A-4A2A-B7AC-79EF66AB645C}.Release|Any CPU.Build.0 = Release|Any CPU
		{B735BCEB-0D48-4913-9B60-15B84A74600E}.Debug|Any CPU.ActiveCfg = Debug|Any CPU
		{B735BCEB-0D48-4913-9B60-15B84A74600E}.Debug|Any CPU.Build.0 = Debug|Any CPU
		{B735BCEB-0D48-4913-9B60-15B84A74600E}.Release|Any CPU.ActiveCfg = Release|Any CPU
		{B735BCEB-0D48-4913-9B60-15B84A74600E}.Release|Any CPU.Build.0 = Release|Any CPU
		{B49824FC-74BD-4ED0-BDB2-CF15E6BD00A3}.Debug|Any CPU.ActiveCfg = Debug|Any CPU
		{B49824FC-74BD-4ED0-BDB2-CF15E6BD00A3}.Debug|Any CPU.Build.0 = Debug|Any CPU
		{B49824FC-74BD-4ED0-BDB2-CF15E6BD00A3}.Release|Any CPU.ActiveCfg = Release|Any CPU
		{B49824FC-74BD-4ED0-BDB2-CF15E6BD00A3}.Release|Any CPU.Build.0 = Release|Any CPU
		{E1D7736A-16C9-4FC7-9926-F11F97B54BCB}.Debug|Any CPU.ActiveCfg = Debug|Any CPU
		{E1D7736A-16C9-4FC7-9926-F11F97B54BCB}.Debug|Any CPU.Build.0 = Debug|Any CPU
		{E1D7736A-16C9-4FC7-9926-F11F97B54BCB}.Release|Any CPU.ActiveCfg = Release|Any CPU
		{E1D7736A-16C9-4FC7-9926-F11F97B54BCB}.Release|Any CPU.Build.0 = Release|Any CPU
		{C57CFE9D-E722-4283-94AC-6CBD678C29ED}.Debug|Any CPU.ActiveCfg = Debug|Any CPU
		{C57CFE9D-E722-4283-94AC-6CBD678C29ED}.Debug|Any CPU.Build.0 = Debug|Any CPU
		{C57CFE9D-E722-4283-94AC-6CBD678C29ED}.Release|Any CPU.ActiveCfg = Release|Any CPU
		{C57CFE9D-E722-4283-94AC-6CBD678C29ED}.Release|Any CPU.Build.0 = Release|Any CPU
	EndGlobalSection
	GlobalSection(SolutionProperties) = preSolution
		HideSolutionNode = FALSE
	EndGlobalSection
	GlobalSection(NestedProjects) = preSolution
		{0716628B-2C68-4254-9401-F14F77AF2D05} = {A5F52739-DCFB-4656-89BB-FEF76E6718C5}
		{30FDBE0F-CBED-4DAA-803F-C7955913D71F} = {A5F52739-DCFB-4656-89BB-FEF76E6718C5}
		{F376B512-F8BA-4D7D-A9D3-3FB146FA360A} = {A5F52739-DCFB-4656-89BB-FEF76E6718C5}
		{627743D7-C8D7-4E6A-9256-B93F3AD0227C} = {A5F52739-DCFB-4656-89BB-FEF76E6718C5}
		{5D854906-F5C2-441C-BD85-E3CFDEEBEF4D} = {A5F52739-DCFB-4656-89BB-FEF76E6718C5}
		{510D2575-70F2-4AFC-9625-946BB1C00772} = {5D854906-F5C2-441C-BD85-E3CFDEEBEF4D}
		{94C94BE1-8603-46E2-93E8-28ED2F94E2E5} = {5D854906-F5C2-441C-BD85-E3CFDEEBEF4D}
		{A18E4328-7458-4E79-A5F7-F1A918931B72} = {5D854906-F5C2-441C-BD85-E3CFDEEBEF4D}
		{6BF89485-E06E-4DA2-963B-822819F7A39D} = {5D854906-F5C2-441C-BD85-E3CFDEEBEF4D}
		{86F32C2D-3669-4EE3-9CAF-F21565CAA600} = {5D854906-F5C2-441C-BD85-E3CFDEEBEF4D}
		{69ED7C8D-AD69-410B-B7F7-A28E825545D0} = {6BF89485-E06E-4DA2-963B-822819F7A39D}
		{6D5F5DF6-4A8A-4A2A-B7AC-79EF66AB645C} = {6BF89485-E06E-4DA2-963B-822819F7A39D}
		{B735BCEB-0D48-4913-9B60-15B84A74600E} = {86F32C2D-3669-4EE3-9CAF-F21565CAA600}
		{B49824FC-74BD-4ED0-BDB2-CF15E6BD00A3} = {5D854906-F5C2-441C-BD85-E3CFDEEBEF4D}
		{E1D7736A-16C9-4FC7-9926-F11F97B54BCB} = {A5F52739-DCFB-4656-89BB-FEF76E6718C5}
		{C57CFE9D-E722-4283-94AC-6CBD678C29ED} = {A5F52739-DCFB-4656-89BB-FEF76E6718C5}
	EndGlobalSection
	GlobalSection(ExtensibilityGlobals) = postSolution
		SolutionGuid = {C55CA892-37CA-4AB8-BE61-0D39E9BC1049}
	EndGlobalSection
EndGlobal
