
Microsoft Visual Studio Solution File, Format Version 12.00
# Visual Studio Version 17
VisualStudioVersion = 17.3.32901.215
MinimumVisualStudioVersion = 10.0.40219.1
Project("{2150E333-8FDC-42A3-9474-1A3956D46DE8}") = "Core", "Core", "{EB40EEFA-5B1F-4EFA-AB42-E8705C744A90}"
EndProject
Project("{2150E333-8FDC-42A3-9474-1A3956D46DE8}") = "Infrastructure", "Infrastructure", "{91E1192A-B3D1-4D0E-A926-9582B1503677}"
EndProject
Project("{2150E333-8FDC-42A3-9474-1A3956D46DE8}") = "Model", "Model", "{E392382C-69E2-4982-92A9-3E74DEEFF9D1}"
EndProject
Project("{2150E333-8FDC-42A3-9474-1A3956D46DE8}") = "UI", "UI", "{1F5BFEEB-D612-4F25-BAC2-0EAE443F90CF}"
EndProject
Project("{2150E333-8FDC-42A3-9474-1A3956D46DE8}") = "Station", "Station", "{02618E2B-1DAF-4028-B97A-30C1CAC0C704}"
EndProject
Project("{2150E333-8FDC-42A3-9474-1A3956D46DE8}") = "Infrastructure", "Infrastructure", "{7B54A614-A09E-43A9-8016-33C9BF405193}"
EndProject
Project("{2150E333-8FDC-42A3-9474-1A3956D46DE8}") = "Controls", "Controls", "{51B85F65-825D-441A-8109-6EA9D9135820}"
EndProject
Project("{2150E333-8FDC-42A3-9474-1A3956D46DE8}") = "Modules", "Modules", "{278D5B85-2365-4B20-9B31-B06C422736E8}"
EndProject
Project("{9A19103F-16F7-4668-BE54-9A1E7A4F7556}") = "AdionFA.UI.Station.Controls.SearchBoxControl", "UI\Station\Controls\SearchBoxControl\AdionFA.UI.Station.Controls.SearchBoxControl.csproj", "{0F14D78A-DBD8-46E7-9357-72343CE8F575}"
EndProject
Project("{9A19103F-16F7-4668-BE54-9A1E7A4F7556}") = "AdionFA.UI.Station.Module.Dashboard", "UI\Station\Modules\Dashboard\AdionFA.UI.Station.Module.Dashboard.csproj", "{42115D99-3F40-4795-9966-F54C0412D1F3}"
EndProject
Project("{9A19103F-16F7-4668-BE54-9A1E7A4F7556}") = "AdionFA.UI.Station.Module.Shell", "UI\Station\Modules\Shell\AdionFA.UI.Station.Module.Shell.csproj", "{3A551142-463A-41B6-9EAC-6DC8CD53D790}"
EndProject
Project("{9A19103F-16F7-4668-BE54-9A1E7A4F7556}") = "AdionFA.Core.API", "Core\AdionFA.Core.Api\AdionFA.Core.API.csproj", "{F8443ED9-4948-4A60-B54B-C0A8DCC148FD}"
EndProject
Project("{9A19103F-16F7-4668-BE54-9A1E7A4F7556}") = "AdionFA.Core.API.Contracts", "Core\AdionFA.Core.Api.Contract\AdionFA.Core.API.Contracts.csproj", "{8BF05ECB-2EF5-4457-AC74-41E2066DE370}"
EndProject
Project("{9A19103F-16F7-4668-BE54-9A1E7A4F7556}") = "AdionFA.Core.Application", "Core\AdionFA.Core.Application\AdionFA.Core.Application.csproj", "{749F19DB-AAD6-491B-90EF-1AEA86C896E2}"
EndProject
Project("{9A19103F-16F7-4668-BE54-9A1E7A4F7556}") = "AdionFA.Core.Application.Contract", "Core\AdionFA.Core.Application.Contract\AdionFA.Core.Application.Contract.csproj", "{5D03BBBB-7B6D-480D-BDA9-189E490F5CD5}"
EndProject
Project("{9A19103F-16F7-4668-BE54-9A1E7A4F7556}") = "AdionFA.Core.Domain", "Core\AdionFA.Core.Domain\AdionFA.Core.Domain.csproj", "{890B2565-BA3A-4068-87F4-3A350CB69687}"
EndProject
Project("{9A19103F-16F7-4668-BE54-9A1E7A4F7556}") = "AdionFA.Infrastructure.Common", "Infrastructure\AdionFA.Infrastructure.Common\AdionFA.Infrastructure.Common.csproj", "{8F92690F-4E85-4FD6-B600-B6A7837BBCF4}"
EndProject
Project("{9A19103F-16F7-4668-BE54-9A1E7A4F7556}") = "AdionFA.Infrastructure.Core", "Infrastructure\AdionFA.Infrastructure.Core\AdionFA.Infrastructure.Core.csproj", "{F1704C37-02DC-4758-9CC6-1C4BC8CBCE5F}"
EndProject
Project("{9A19103F-16F7-4668-BE54-9A1E7A4F7556}") = "AdionFA.Infrastructure.Core.IofC", "Infrastructure\AdionFA.Infrastructure.Core.IofC\AdionFA.Infrastructure.Core.IofC.csproj", "{72A9C897-4A6F-4302-9FB6-3CC8E5A56699}"
EndProject
Project("{9A19103F-16F7-4668-BE54-9A1E7A4F7556}") = "AdionFA.Infrastructure.Enum", "Infrastructure\AdionFA.Infrastructure.Enum\AdionFA.Infrastructure.Enum.csproj", "{C34967D2-4C66-4370-9167-0D1FBB38BB07}"
EndProject
Project("{9A19103F-16F7-4668-BE54-9A1E7A4F7556}") = "AdionFA.Infrastructure.I18n", "Infrastructure\AdionFA.Infrastructure.I18n\AdionFA.Infrastructure.I18n.csproj", "{DDB13470-02CA-491C-8E9B-C9B27CEF41B1}"
EndProject
Project("{9A19103F-16F7-4668-BE54-9A1E7A4F7556}") = "AdionFA.TransferObject", "Model\AdionFA.TransferObject\AdionFA.TransferObject.csproj", "{C0D0CE3B-0A13-4F1B-81C7-B2BC4BAEC1E8}"
EndProject
Project("{9A19103F-16F7-4668-BE54-9A1E7A4F7556}") = "AdionFA.UI.Station.Infrastructure", "UI\Station\AdionFA.UI.Station.Infrastructure\AdionFA.UI.Station.Infrastructure.csproj", "{BAAB910C-43E0-4BB5-9ED6-C0C05928575F}"
EndProject
Project("{9A19103F-16F7-4668-BE54-9A1E7A4F7556}") = "AdionFA.UI.Station.LookAndFeel", "UI\Station\AdionFA.UI.Station.LookAndFeel\AdionFA.UI.Station.LookAndFeel.csproj", "{5CDB80F4-08B1-4445-843D-CE2EFBB64DEE}"
EndProject
Project("{9A19103F-16F7-4668-BE54-9A1E7A4F7556}") = "AdionFA.UI.Station", "UI\Station\AdionFA.UI.Station\AdionFA.UI.Station.csproj", "{57DECA38-3A24-4516-8555-8248C09B53AE}"
EndProject
Project("{9A19103F-16F7-4668-BE54-9A1E7A4F7556}") = "AdionFA.UI.Station.Project", "UI\Station\AdionFA.UI.Station.Project\AdionFA.UI.Station.Project.csproj", "{626517EF-06AE-47B0-BAA7-D5E20D5E8BED}"
EndProject
Project("{2150E333-8FDC-42A3-9474-1A3956D46DE8}") = "Benchmark", "Benchmark", "{BC8724B2-F035-40CF-8F62-9CDC46C35553}"
EndProject
Project("{9A19103F-16F7-4668-BE54-9A1E7A4F7556}") = "AdionFA.Benchmark", "Benchmark\AdionFA.Benchmark\AdionFA.Benchmark.csproj", "{74EDB065-B989-43D6-9F4E-E94DF4E64050}"
EndProject
Global
	GlobalSection(SolutionConfigurationPlatforms) = preSolution
		Debug|Any CPU = Debug|Any CPU
		Release|Any CPU = Release|Any CPU
	EndGlobalSection
	GlobalSection(ProjectConfigurationPlatforms) = postSolution
		{0F14D78A-DBD8-46E7-9357-72343CE8F575}.Debug|Any CPU.ActiveCfg = Debug|Any CPU
		{0F14D78A-DBD8-46E7-9357-72343CE8F575}.Debug|Any CPU.Build.0 = Debug|Any CPU
		{0F14D78A-DBD8-46E7-9357-72343CE8F575}.Release|Any CPU.ActiveCfg = Release|Any CPU
		{0F14D78A-DBD8-46E7-9357-72343CE8F575}.Release|Any CPU.Build.0 = Release|Any CPU
		{42115D99-3F40-4795-9966-F54C0412D1F3}.Debug|Any CPU.ActiveCfg = Debug|Any CPU
		{42115D99-3F40-4795-9966-F54C0412D1F3}.Debug|Any CPU.Build.0 = Debug|Any CPU
		{42115D99-3F40-4795-9966-F54C0412D1F3}.Release|Any CPU.ActiveCfg = Release|Any CPU
		{42115D99-3F40-4795-9966-F54C0412D1F3}.Release|Any CPU.Build.0 = Release|Any CPU
		{3A551142-463A-41B6-9EAC-6DC8CD53D790}.Debug|Any CPU.ActiveCfg = Debug|Any CPU
		{3A551142-463A-41B6-9EAC-6DC8CD53D790}.Debug|Any CPU.Build.0 = Debug|Any CPU
		{3A551142-463A-41B6-9EAC-6DC8CD53D790}.Release|Any CPU.ActiveCfg = Release|Any CPU
		{3A551142-463A-41B6-9EAC-6DC8CD53D790}.Release|Any CPU.Build.0 = Release|Any CPU
		{F8443ED9-4948-4A60-B54B-C0A8DCC148FD}.Debug|Any CPU.ActiveCfg = Debug|Any CPU
		{F8443ED9-4948-4A60-B54B-C0A8DCC148FD}.Debug|Any CPU.Build.0 = Debug|Any CPU
		{F8443ED9-4948-4A60-B54B-C0A8DCC148FD}.Release|Any CPU.ActiveCfg = Release|Any CPU
		{F8443ED9-4948-4A60-B54B-C0A8DCC148FD}.Release|Any CPU.Build.0 = Release|Any CPU
		{8BF05ECB-2EF5-4457-AC74-41E2066DE370}.Debug|Any CPU.ActiveCfg = Debug|Any CPU
		{8BF05ECB-2EF5-4457-AC74-41E2066DE370}.Debug|Any CPU.Build.0 = Debug|Any CPU
		{8BF05ECB-2EF5-4457-AC74-41E2066DE370}.Release|Any CPU.ActiveCfg = Release|Any CPU
		{8BF05ECB-2EF5-4457-AC74-41E2066DE370}.Release|Any CPU.Build.0 = Release|Any CPU
		{749F19DB-AAD6-491B-90EF-1AEA86C896E2}.Debug|Any CPU.ActiveCfg = Debug|Any CPU
		{749F19DB-AAD6-491B-90EF-1AEA86C896E2}.Debug|Any CPU.Build.0 = Debug|Any CPU
		{749F19DB-AAD6-491B-90EF-1AEA86C896E2}.Release|Any CPU.ActiveCfg = Release|Any CPU
		{749F19DB-AAD6-491B-90EF-1AEA86C896E2}.Release|Any CPU.Build.0 = Release|Any CPU
		{5D03BBBB-7B6D-480D-BDA9-189E490F5CD5}.Debug|Any CPU.ActiveCfg = Debug|Any CPU
		{5D03BBBB-7B6D-480D-BDA9-189E490F5CD5}.Debug|Any CPU.Build.0 = Debug|Any CPU
		{5D03BBBB-7B6D-480D-BDA9-189E490F5CD5}.Release|Any CPU.ActiveCfg = Release|Any CPU
		{5D03BBBB-7B6D-480D-BDA9-189E490F5CD5}.Release|Any CPU.Build.0 = Release|Any CPU
		{890B2565-BA3A-4068-87F4-3A350CB69687}.Debug|Any CPU.ActiveCfg = Debug|Any CPU
		{890B2565-BA3A-4068-87F4-3A350CB69687}.Debug|Any CPU.Build.0 = Debug|Any CPU
		{890B2565-BA3A-4068-87F4-3A350CB69687}.Release|Any CPU.ActiveCfg = Release|Any CPU
		{890B2565-BA3A-4068-87F4-3A350CB69687}.Release|Any CPU.Build.0 = Release|Any CPU
		{8F92690F-4E85-4FD6-B600-B6A7837BBCF4}.Debug|Any CPU.ActiveCfg = Debug|Any CPU
		{8F92690F-4E85-4FD6-B600-B6A7837BBCF4}.Debug|Any CPU.Build.0 = Debug|Any CPU
		{8F92690F-4E85-4FD6-B600-B6A7837BBCF4}.Release|Any CPU.ActiveCfg = Release|Any CPU
		{8F92690F-4E85-4FD6-B600-B6A7837BBCF4}.Release|Any CPU.Build.0 = Release|Any CPU
		{F1704C37-02DC-4758-9CC6-1C4BC8CBCE5F}.Debug|Any CPU.ActiveCfg = Debug|Any CPU
		{F1704C37-02DC-4758-9CC6-1C4BC8CBCE5F}.Debug|Any CPU.Build.0 = Debug|Any CPU
		{F1704C37-02DC-4758-9CC6-1C4BC8CBCE5F}.Release|Any CPU.ActiveCfg = Release|Any CPU
		{F1704C37-02DC-4758-9CC6-1C4BC8CBCE5F}.Release|Any CPU.Build.0 = Release|Any CPU
		{72A9C897-4A6F-4302-9FB6-3CC8E5A56699}.Debug|Any CPU.ActiveCfg = Debug|Any CPU
		{72A9C897-4A6F-4302-9FB6-3CC8E5A56699}.Debug|Any CPU.Build.0 = Debug|Any CPU
		{72A9C897-4A6F-4302-9FB6-3CC8E5A56699}.Release|Any CPU.ActiveCfg = Release|Any CPU
		{72A9C897-4A6F-4302-9FB6-3CC8E5A56699}.Release|Any CPU.Build.0 = Release|Any CPU
		{C34967D2-4C66-4370-9167-0D1FBB38BB07}.Debug|Any CPU.ActiveCfg = Debug|Any CPU
		{C34967D2-4C66-4370-9167-0D1FBB38BB07}.Debug|Any CPU.Build.0 = Debug|Any CPU
		{C34967D2-4C66-4370-9167-0D1FBB38BB07}.Release|Any CPU.ActiveCfg = Release|Any CPU
		{C34967D2-4C66-4370-9167-0D1FBB38BB07}.Release|Any CPU.Build.0 = Release|Any CPU
		{DDB13470-02CA-491C-8E9B-C9B27CEF41B1}.Debug|Any CPU.ActiveCfg = Debug|Any CPU
		{DDB13470-02CA-491C-8E9B-C9B27CEF41B1}.Debug|Any CPU.Build.0 = Debug|Any CPU
		{DDB13470-02CA-491C-8E9B-C9B27CEF41B1}.Release|Any CPU.ActiveCfg = Release|Any CPU
		{DDB13470-02CA-491C-8E9B-C9B27CEF41B1}.Release|Any CPU.Build.0 = Release|Any CPU
		{C0D0CE3B-0A13-4F1B-81C7-B2BC4BAEC1E8}.Debug|Any CPU.ActiveCfg = Debug|Any CPU
		{C0D0CE3B-0A13-4F1B-81C7-B2BC4BAEC1E8}.Debug|Any CPU.Build.0 = Debug|Any CPU
		{C0D0CE3B-0A13-4F1B-81C7-B2BC4BAEC1E8}.Release|Any CPU.ActiveCfg = Release|Any CPU
		{C0D0CE3B-0A13-4F1B-81C7-B2BC4BAEC1E8}.Release|Any CPU.Build.0 = Release|Any CPU
		{BAAB910C-43E0-4BB5-9ED6-C0C05928575F}.Debug|Any CPU.ActiveCfg = Debug|Any CPU
		{BAAB910C-43E0-4BB5-9ED6-C0C05928575F}.Debug|Any CPU.Build.0 = Debug|Any CPU
		{BAAB910C-43E0-4BB5-9ED6-C0C05928575F}.Release|Any CPU.ActiveCfg = Release|Any CPU
		{BAAB910C-43E0-4BB5-9ED6-C0C05928575F}.Release|Any CPU.Build.0 = Release|Any CPU
		{5CDB80F4-08B1-4445-843D-CE2EFBB64DEE}.Debug|Any CPU.ActiveCfg = Debug|Any CPU
		{5CDB80F4-08B1-4445-843D-CE2EFBB64DEE}.Debug|Any CPU.Build.0 = Debug|Any CPU
		{5CDB80F4-08B1-4445-843D-CE2EFBB64DEE}.Release|Any CPU.ActiveCfg = Release|Any CPU
		{5CDB80F4-08B1-4445-843D-CE2EFBB64DEE}.Release|Any CPU.Build.0 = Release|Any CPU
		{57DECA38-3A24-4516-8555-8248C09B53AE}.Debug|Any CPU.ActiveCfg = Debug|Any CPU
		{57DECA38-3A24-4516-8555-8248C09B53AE}.Debug|Any CPU.Build.0 = Debug|Any CPU
		{57DECA38-3A24-4516-8555-8248C09B53AE}.Release|Any CPU.ActiveCfg = Release|Any CPU
		{57DECA38-3A24-4516-8555-8248C09B53AE}.Release|Any CPU.Build.0 = Release|Any CPU
		{626517EF-06AE-47B0-BAA7-D5E20D5E8BED}.Debug|Any CPU.ActiveCfg = Debug|Any CPU
		{626517EF-06AE-47B0-BAA7-D5E20D5E8BED}.Debug|Any CPU.Build.0 = Debug|Any CPU
		{626517EF-06AE-47B0-BAA7-D5E20D5E8BED}.Release|Any CPU.ActiveCfg = Release|Any CPU
		{626517EF-06AE-47B0-BAA7-D5E20D5E8BED}.Release|Any CPU.Build.0 = Release|Any CPU
		{74EDB065-B989-43D6-9F4E-E94DF4E64050}.Debug|Any CPU.ActiveCfg = Debug|Any CPU
		{74EDB065-B989-43D6-9F4E-E94DF4E64050}.Debug|Any CPU.Build.0 = Debug|Any CPU
		{74EDB065-B989-43D6-9F4E-E94DF4E64050}.Release|Any CPU.ActiveCfg = Release|Any CPU
		{74EDB065-B989-43D6-9F4E-E94DF4E64050}.Release|Any CPU.Build.0 = Release|Any CPU
	EndGlobalSection
	GlobalSection(SolutionProperties) = preSolution
		HideSolutionNode = FALSE
	EndGlobalSection
	GlobalSection(NestedProjects) = preSolution
		{02618E2B-1DAF-4028-B97A-30C1CAC0C704} = {1F5BFEEB-D612-4F25-BAC2-0EAE443F90CF}
		{7B54A614-A09E-43A9-8016-33C9BF405193} = {02618E2B-1DAF-4028-B97A-30C1CAC0C704}
		{51B85F65-825D-441A-8109-6EA9D9135820} = {02618E2B-1DAF-4028-B97A-30C1CAC0C704}
		{278D5B85-2365-4B20-9B31-B06C422736E8} = {02618E2B-1DAF-4028-B97A-30C1CAC0C704}
		{0F14D78A-DBD8-46E7-9357-72343CE8F575} = {51B85F65-825D-441A-8109-6EA9D9135820}
		{42115D99-3F40-4795-9966-F54C0412D1F3} = {278D5B85-2365-4B20-9B31-B06C422736E8}
		{3A551142-463A-41B6-9EAC-6DC8CD53D790} = {278D5B85-2365-4B20-9B31-B06C422736E8}
		{F8443ED9-4948-4A60-B54B-C0A8DCC148FD} = {EB40EEFA-5B1F-4EFA-AB42-E8705C744A90}
		{8BF05ECB-2EF5-4457-AC74-41E2066DE370} = {EB40EEFA-5B1F-4EFA-AB42-E8705C744A90}
		{749F19DB-AAD6-491B-90EF-1AEA86C896E2} = {EB40EEFA-5B1F-4EFA-AB42-E8705C744A90}
		{5D03BBBB-7B6D-480D-BDA9-189E490F5CD5} = {EB40EEFA-5B1F-4EFA-AB42-E8705C744A90}
		{890B2565-BA3A-4068-87F4-3A350CB69687} = {EB40EEFA-5B1F-4EFA-AB42-E8705C744A90}
		{8F92690F-4E85-4FD6-B600-B6A7837BBCF4} = {91E1192A-B3D1-4D0E-A926-9582B1503677}
		{F1704C37-02DC-4758-9CC6-1C4BC8CBCE5F} = {91E1192A-B3D1-4D0E-A926-9582B1503677}
		{72A9C897-4A6F-4302-9FB6-3CC8E5A56699} = {91E1192A-B3D1-4D0E-A926-9582B1503677}
		{C34967D2-4C66-4370-9167-0D1FBB38BB07} = {91E1192A-B3D1-4D0E-A926-9582B1503677}
		{DDB13470-02CA-491C-8E9B-C9B27CEF41B1} = {91E1192A-B3D1-4D0E-A926-9582B1503677}
		{C0D0CE3B-0A13-4F1B-81C7-B2BC4BAEC1E8} = {E392382C-69E2-4982-92A9-3E74DEEFF9D1}
		{BAAB910C-43E0-4BB5-9ED6-C0C05928575F} = {7B54A614-A09E-43A9-8016-33C9BF405193}
		{5CDB80F4-08B1-4445-843D-CE2EFBB64DEE} = {7B54A614-A09E-43A9-8016-33C9BF405193}
		{57DECA38-3A24-4516-8555-8248C09B53AE} = {02618E2B-1DAF-4028-B97A-30C1CAC0C704}
		{626517EF-06AE-47B0-BAA7-D5E20D5E8BED} = {02618E2B-1DAF-4028-B97A-30C1CAC0C704}
		{74EDB065-B989-43D6-9F4E-E94DF4E64050} = {BC8724B2-F035-40CF-8F62-9CDC46C35553}
	EndGlobalSection
	GlobalSection(ExtensibilityGlobals) = postSolution
		SolutionGuid = {C55CA892-37CA-4AB8-BE61-0D39E9BC1049}
	EndGlobalSection
EndGlobal
