
Microsoft Visual Studio Solution File, Format Version 12.00
# Visual Studio Version 17
VisualStudioVersion = 17.3.32901.215
MinimumVisualStudioVersion = 10.0.40219.1
Project("{2150E333-8FDC-42A3-9474-1A3956D46DE8}") = "Core", "Core", "{EB40EEFA-5B1F-4EFA-AB42-E8705C744A90}"
EndProject
Project("{9A19103F-16F7-4668-BE54-9A1E7A4F7556}") = "Adion.FA.Core.Domain", "Core\Adion.FA.Core.Domain\Adion.FA.Core.Domain.csproj", "{63F46F8B-E8B0-4BDE-99CC-8B938DA229B9}"
EndProject
Project("{9A19103F-16F7-4668-BE54-9A1E7A4F7556}") = "Adion.FA.Core.Application", "Core\Adion.FA.Core.Application\Adion.FA.Core.Application.csproj", "{176214FC-42CC-457F-BB1E-3CE555018DEC}"
EndProject
Project("{9A19103F-16F7-4668-BE54-9A1E7A4F7556}") = "Adion.FA.Core.Application.Contract", "Core\Adion.FA.Core.Application.Contract\Adion.FA.Core.Application.Contract.csproj", "{FAC4966A-37B2-41FF-8ADC-6C2C9283EA97}"
EndProject
Project("{9A19103F-16F7-4668-BE54-9A1E7A4F7556}") = "Adion.FA.Core.API", "Core\Adion.FA.Core.Api\Adion.FA.Core.API.csproj", "{8C8B944B-9B86-48CB-A969-1FD7E6E30267}"
EndProject
Project("{9A19103F-16F7-4668-BE54-9A1E7A4F7556}") = "Adion.FA.Core.API.Contract", "Core\Adion.FA.Core.Api.Contract\Adion.FA.Core.API.Contract.csproj", "{5FBD81DE-2827-4ED9-A725-C74472E01284}"
EndProject
Project("{2150E333-8FDC-42A3-9474-1A3956D46DE8}") = "Infrastructure", "Infrastructure", "{91E1192A-B3D1-4D0E-A926-9582B1503677}"
EndProject
Project("{9A19103F-16F7-4668-BE54-9A1E7A4F7556}") = "Adion.FA.Infrastructure.Common", "Infrastructure\Adion.FA.Infrastructure.Common\Adion.FA.Infrastructure.Common.csproj", "{F518C09A-51C7-4D64-8570-7FE4F42373CD}"
EndProject
Project("{9A19103F-16F7-4668-BE54-9A1E7A4F7556}") = "Adion.FA.Infrastructure.Core", "Infrastructure\Adion.FA.Infrastructure.Core\Adion.FA.Infrastructure.Core.csproj", "{9945D0BA-8E6A-45A2-B45B-38CEA32B0D06}"
EndProject
Project("{9A19103F-16F7-4668-BE54-9A1E7A4F7556}") = "Adion.FA.Infrastructure.Core.IofC", "Infrastructure\Adion.FA.Infrastructure.Core.IofC\Adion.FA.Infrastructure.Core.IofC.csproj", "{55EBE12A-2935-4B62-80F9-31E539A2F9D4}"
EndProject
Project("{9A19103F-16F7-4668-BE54-9A1E7A4F7556}") = "Adion.FA.Infrastructure.Enum", "Infrastructure\Adion.FA.Infrastructure.Enum\Adion.FA.Infrastructure.Enum.csproj", "{678AA1C1-EA37-4538-91BD-6A43C046F71D}"
EndProject
Project("{9A19103F-16F7-4668-BE54-9A1E7A4F7556}") = "Adion.FA.Infrastructure.I18n", "Infrastructure\Adion.FA.Infrastructure.I18n\Adion.FA.Infrastructure.I18n.csproj", "{8A4061D3-D2AF-4F69-9239-4933FDF18486}"
EndProject
Project("{2150E333-8FDC-42A3-9474-1A3956D46DE8}") = "Model", "Model", "{E392382C-69E2-4982-92A9-3E74DEEFF9D1}"
EndProject
Project("{9A19103F-16F7-4668-BE54-9A1E7A4F7556}") = "Adion.FA.TransferObject", "Model\Adion.FA.TransferObject\Adion.FA.TransferObject.csproj", "{DDD577E8-4792-443C-9047-50D8060A6809}"
EndProject
Project("{2150E333-8FDC-42A3-9474-1A3956D46DE8}") = "UI", "UI", "{1F5BFEEB-D612-4F25-BAC2-0EAE443F90CF}"
EndProject
Project("{2150E333-8FDC-42A3-9474-1A3956D46DE8}") = "Station", "Station", "{02618E2B-1DAF-4028-B97A-30C1CAC0C704}"
EndProject
Project("{2150E333-8FDC-42A3-9474-1A3956D46DE8}") = "Infrastructure", "Infrastructure", "{7B54A614-A09E-43A9-8016-33C9BF405193}"
EndProject
Project("{2150E333-8FDC-42A3-9474-1A3956D46DE8}") = "Controls", "Controls", "{51B85F65-825D-441A-8109-6EA9D9135820}"
EndProject
Project("{2150E333-8FDC-42A3-9474-1A3956D46DE8}") = "Modules", "Modules", "{278D5B85-2365-4B20-9B31-B06C422736E8}"
EndProject
Project("{9A19103F-16F7-4668-BE54-9A1E7A4F7556}") = "Adion.FA.UI.Station", "UI\Station\Adion.FA.UI.Station\Adion.FA.UI.Station.csproj", "{7319E705-77C3-47E4-9BB8-8E198D12C65C}"
EndProject
Project("{9A19103F-16F7-4668-BE54-9A1E7A4F7556}") = "Adion.FA.UI.Station.Infrastructure", "UI\Station\Adion.FA.UI.Station.Infrastructure\Adion.FA.UI.Station.Infrastructure.csproj", "{CF7F16DD-E6A4-4211-8BBA-0A7C5D3C5CA4}"
EndProject
Project("{9A19103F-16F7-4668-BE54-9A1E7A4F7556}") = "Adion.FA.UI.Station.LookAndFeel", "UI\Station\Adion.FA.UI.Station.LookAndFeel\Adion.FA.UI.Station.LookAndFeel.csproj", "{842811A5-9D0F-44FF-9E71-42A46166C2EE}"
EndProject
Project("{9A19103F-16F7-4668-BE54-9A1E7A4F7556}") = "Adion.FA.UI.Station.Project", "UI\Station\Adion.FA.UI.Station.Project\Adion.FA.UI.Station.Project.csproj", "{C590715C-B8B0-4799-BB0D-1F9F0DC86CE8}"
	ProjectSection(ProjectDependencies) = postProject
		{D94304FF-232B-4E55-949E-9DF5DAB83AF7} = {D94304FF-232B-4E55-949E-9DF5DAB83AF7}
	EndProjectSection
EndProject
Project("{9A19103F-16F7-4668-BE54-9A1E7A4F7556}") = "Adion.FA.UI.Station.Controls.SearchBoxControl", "UI\Station\Controls\SearchBoxControl\Adion.FA.UI.Station.Controls.SearchBoxControl.csproj", "{0F14D78A-DBD8-46E7-9357-72343CE8F575}"
EndProject
Project("{9A19103F-16F7-4668-BE54-9A1E7A4F7556}") = "Adion.FA.UI.Station.Module.Dashboard", "UI\Station\Modules\Dashboard\Adion.FA.UI.Station.Module.Dashboard.csproj", "{42115D99-3F40-4795-9966-F54C0412D1F3}"
EndProject
Project("{9A19103F-16F7-4668-BE54-9A1E7A4F7556}") = "Adion.FA.UI.Station.Module.gRPC", "UI\Station\Modules\gRPC\Adion.FA.UI.Station.Module.gRPC.csproj", "{D94304FF-232B-4E55-949E-9DF5DAB83AF7}"
EndProject
Project("{9A19103F-16F7-4668-BE54-9A1E7A4F7556}") = "Adion.FA.UI.Station.Module.Shell", "UI\Station\Modules\Shell\Adion.FA.UI.Station.Module.Shell.csproj", "{3A551142-463A-41B6-9EAC-6DC8CD53D790}"
EndProject
Project("{9A19103F-16F7-4668-BE54-9A1E7A4F7556}") = "Adion.FA.UI.Station.Module.Trader", "UI\Station\Modules\Trader\Adion.FA.UI.Station.Module.Trader.csproj", "{6D9F3EDB-415E-4775-BEDF-2690DB31DC9C}"
EndProject
Project("{2150E333-8FDC-42A3-9474-1A3956D46DE8}") = "UnitTest", "UnitTest", "{10513750-4463-425C-B5E9-CCA5A17BC02F}"
EndProject
Project("{2150E333-8FDC-42A3-9474-1A3956D46DE8}") = "CoreTest", "CoreTest", "{8E4EADF3-947E-4A69-83D5-295C30123B1E}"
EndProject
Project("{9A19103F-16F7-4668-BE54-9A1E7A4F7556}") = "UnitTest.Core.InfrastructureTest", "UnitTest\UnitTest.Core.InfrastructureTest\UnitTest.Core.InfrastructureTest.csproj", "{E4DD7CA1-78A8-4216-896D-B3521BC76530}"
	ProjectSection(ProjectDependencies) = postProject
		{F518C09A-51C7-4D64-8570-7FE4F42373CD} = {F518C09A-51C7-4D64-8570-7FE4F42373CD}
	EndProjectSection
EndProject
Project("{9A19103F-16F7-4668-BE54-9A1E7A4F7556}") = "UnitTest.Core.GenericHost", "UnitTest\UnitTest.Core.GenericHost\UnitTest.Core.GenericHost.csproj", "{3BB5CF32-D8A1-4830-B3A8-5F75E3B7EB21}"
EndProject
Global
	GlobalSection(SolutionConfigurationPlatforms) = preSolution
		Debug|Any CPU = Debug|Any CPU
		Release|Any CPU = Release|Any CPU
	EndGlobalSection
	GlobalSection(ProjectConfigurationPlatforms) = postSolution
		{63F46F8B-E8B0-4BDE-99CC-8B938DA229B9}.Debug|Any CPU.ActiveCfg = Debug|Any CPU
		{63F46F8B-E8B0-4BDE-99CC-8B938DA229B9}.Debug|Any CPU.Build.0 = Debug|Any CPU
		{63F46F8B-E8B0-4BDE-99CC-8B938DA229B9}.Release|Any CPU.ActiveCfg = Release|Any CPU
		{63F46F8B-E8B0-4BDE-99CC-8B938DA229B9}.Release|Any CPU.Build.0 = Release|Any CPU
		{176214FC-42CC-457F-BB1E-3CE555018DEC}.Debug|Any CPU.ActiveCfg = Debug|Any CPU
		{176214FC-42CC-457F-BB1E-3CE555018DEC}.Debug|Any CPU.Build.0 = Debug|Any CPU
		{176214FC-42CC-457F-BB1E-3CE555018DEC}.Release|Any CPU.ActiveCfg = Release|Any CPU
		{176214FC-42CC-457F-BB1E-3CE555018DEC}.Release|Any CPU.Build.0 = Release|Any CPU
		{FAC4966A-37B2-41FF-8ADC-6C2C9283EA97}.Debug|Any CPU.ActiveCfg = Debug|Any CPU
		{FAC4966A-37B2-41FF-8ADC-6C2C9283EA97}.Debug|Any CPU.Build.0 = Debug|Any CPU
		{FAC4966A-37B2-41FF-8ADC-6C2C9283EA97}.Release|Any CPU.ActiveCfg = Release|Any CPU
		{FAC4966A-37B2-41FF-8ADC-6C2C9283EA97}.Release|Any CPU.Build.0 = Release|Any CPU
		{8C8B944B-9B86-48CB-A969-1FD7E6E30267}.Debug|Any CPU.ActiveCfg = Debug|Any CPU
		{8C8B944B-9B86-48CB-A969-1FD7E6E30267}.Debug|Any CPU.Build.0 = Debug|Any CPU
		{8C8B944B-9B86-48CB-A969-1FD7E6E30267}.Release|Any CPU.ActiveCfg = Release|Any CPU
		{8C8B944B-9B86-48CB-A969-1FD7E6E30267}.Release|Any CPU.Build.0 = Release|Any CPU
		{5FBD81DE-2827-4ED9-A725-C74472E01284}.Debug|Any CPU.ActiveCfg = Debug|Any CPU
		{5FBD81DE-2827-4ED9-A725-C74472E01284}.Debug|Any CPU.Build.0 = Debug|Any CPU
		{5FBD81DE-2827-4ED9-A725-C74472E01284}.Release|Any CPU.ActiveCfg = Release|Any CPU
		{5FBD81DE-2827-4ED9-A725-C74472E01284}.Release|Any CPU.Build.0 = Release|Any CPU
		{F518C09A-51C7-4D64-8570-7FE4F42373CD}.Debug|Any CPU.ActiveCfg = Debug|Any CPU
		{F518C09A-51C7-4D64-8570-7FE4F42373CD}.Debug|Any CPU.Build.0 = Debug|Any CPU
		{F518C09A-51C7-4D64-8570-7FE4F42373CD}.Release|Any CPU.ActiveCfg = Release|Any CPU
		{F518C09A-51C7-4D64-8570-7FE4F42373CD}.Release|Any CPU.Build.0 = Release|Any CPU
		{9945D0BA-8E6A-45A2-B45B-38CEA32B0D06}.Debug|Any CPU.ActiveCfg = Debug|Any CPU
		{9945D0BA-8E6A-45A2-B45B-38CEA32B0D06}.Debug|Any CPU.Build.0 = Debug|Any CPU
		{9945D0BA-8E6A-45A2-B45B-38CEA32B0D06}.Release|Any CPU.ActiveCfg = Release|Any CPU
		{9945D0BA-8E6A-45A2-B45B-38CEA32B0D06}.Release|Any CPU.Build.0 = Release|Any CPU
		{55EBE12A-2935-4B62-80F9-31E539A2F9D4}.Debug|Any CPU.ActiveCfg = Debug|Any CPU
		{55EBE12A-2935-4B62-80F9-31E539A2F9D4}.Debug|Any CPU.Build.0 = Debug|Any CPU
		{55EBE12A-2935-4B62-80F9-31E539A2F9D4}.Release|Any CPU.ActiveCfg = Release|Any CPU
		{55EBE12A-2935-4B62-80F9-31E539A2F9D4}.Release|Any CPU.Build.0 = Release|Any CPU
		{678AA1C1-EA37-4538-91BD-6A43C046F71D}.Debug|Any CPU.ActiveCfg = Debug|Any CPU
		{678AA1C1-EA37-4538-91BD-6A43C046F71D}.Debug|Any CPU.Build.0 = Debug|Any CPU
		{678AA1C1-EA37-4538-91BD-6A43C046F71D}.Release|Any CPU.ActiveCfg = Release|Any CPU
		{678AA1C1-EA37-4538-91BD-6A43C046F71D}.Release|Any CPU.Build.0 = Release|Any CPU
		{8A4061D3-D2AF-4F69-9239-4933FDF18486}.Debug|Any CPU.ActiveCfg = Debug|Any CPU
		{8A4061D3-D2AF-4F69-9239-4933FDF18486}.Debug|Any CPU.Build.0 = Debug|Any CPU
		{8A4061D3-D2AF-4F69-9239-4933FDF18486}.Release|Any CPU.ActiveCfg = Release|Any CPU
		{8A4061D3-D2AF-4F69-9239-4933FDF18486}.Release|Any CPU.Build.0 = Release|Any CPU
		{DDD577E8-4792-443C-9047-50D8060A6809}.Debug|Any CPU.ActiveCfg = Debug|Any CPU
		{DDD577E8-4792-443C-9047-50D8060A6809}.Debug|Any CPU.Build.0 = Debug|Any CPU
		{DDD577E8-4792-443C-9047-50D8060A6809}.Release|Any CPU.ActiveCfg = Release|Any CPU
		{DDD577E8-4792-443C-9047-50D8060A6809}.Release|Any CPU.Build.0 = Release|Any CPU
		{7319E705-77C3-47E4-9BB8-8E198D12C65C}.Debug|Any CPU.ActiveCfg = Debug|Any CPU
		{7319E705-77C3-47E4-9BB8-8E198D12C65C}.Debug|Any CPU.Build.0 = Debug|Any CPU
		{7319E705-77C3-47E4-9BB8-8E198D12C65C}.Release|Any CPU.ActiveCfg = Release|Any CPU
		{7319E705-77C3-47E4-9BB8-8E198D12C65C}.Release|Any CPU.Build.0 = Release|Any CPU
		{CF7F16DD-E6A4-4211-8BBA-0A7C5D3C5CA4}.Debug|Any CPU.ActiveCfg = Debug|Any CPU
		{CF7F16DD-E6A4-4211-8BBA-0A7C5D3C5CA4}.Debug|Any CPU.Build.0 = Debug|Any CPU
		{CF7F16DD-E6A4-4211-8BBA-0A7C5D3C5CA4}.Release|Any CPU.ActiveCfg = Release|Any CPU
		{CF7F16DD-E6A4-4211-8BBA-0A7C5D3C5CA4}.Release|Any CPU.Build.0 = Release|Any CPU
		{842811A5-9D0F-44FF-9E71-42A46166C2EE}.Debug|Any CPU.ActiveCfg = Debug|Any CPU
		{842811A5-9D0F-44FF-9E71-42A46166C2EE}.Debug|Any CPU.Build.0 = Debug|Any CPU
		{842811A5-9D0F-44FF-9E71-42A46166C2EE}.Release|Any CPU.ActiveCfg = Release|Any CPU
		{842811A5-9D0F-44FF-9E71-42A46166C2EE}.Release|Any CPU.Build.0 = Release|Any CPU
		{C590715C-B8B0-4799-BB0D-1F9F0DC86CE8}.Debug|Any CPU.ActiveCfg = Debug|Any CPU
		{C590715C-B8B0-4799-BB0D-1F9F0DC86CE8}.Debug|Any CPU.Build.0 = Debug|Any CPU
		{C590715C-B8B0-4799-BB0D-1F9F0DC86CE8}.Release|Any CPU.ActiveCfg = Release|Any CPU
		{C590715C-B8B0-4799-BB0D-1F9F0DC86CE8}.Release|Any CPU.Build.0 = Release|Any CPU
		{0F14D78A-DBD8-46E7-9357-72343CE8F575}.Debug|Any CPU.ActiveCfg = Debug|Any CPU
		{0F14D78A-DBD8-46E7-9357-72343CE8F575}.Debug|Any CPU.Build.0 = Debug|Any CPU
		{0F14D78A-DBD8-46E7-9357-72343CE8F575}.Release|Any CPU.ActiveCfg = Release|Any CPU
		{0F14D78A-DBD8-46E7-9357-72343CE8F575}.Release|Any CPU.Build.0 = Release|Any CPU
		{42115D99-3F40-4795-9966-F54C0412D1F3}.Debug|Any CPU.ActiveCfg = Debug|Any CPU
		{42115D99-3F40-4795-9966-F54C0412D1F3}.Debug|Any CPU.Build.0 = Debug|Any CPU
		{42115D99-3F40-4795-9966-F54C0412D1F3}.Release|Any CPU.ActiveCfg = Release|Any CPU
		{42115D99-3F40-4795-9966-F54C0412D1F3}.Release|Any CPU.Build.0 = Release|Any CPU
		{D94304FF-232B-4E55-949E-9DF5DAB83AF7}.Debug|Any CPU.ActiveCfg = Debug|Any CPU
		{D94304FF-232B-4E55-949E-9DF5DAB83AF7}.Debug|Any CPU.Build.0 = Debug|Any CPU
		{D94304FF-232B-4E55-949E-9DF5DAB83AF7}.Release|Any CPU.ActiveCfg = Release|Any CPU
		{D94304FF-232B-4E55-949E-9DF5DAB83AF7}.Release|Any CPU.Build.0 = Release|Any CPU
		{3A551142-463A-41B6-9EAC-6DC8CD53D790}.Debug|Any CPU.ActiveCfg = Debug|Any CPU
		{3A551142-463A-41B6-9EAC-6DC8CD53D790}.Debug|Any CPU.Build.0 = Debug|Any CPU
		{3A551142-463A-41B6-9EAC-6DC8CD53D790}.Release|Any CPU.ActiveCfg = Release|Any CPU
		{3A551142-463A-41B6-9EAC-6DC8CD53D790}.Release|Any CPU.Build.0 = Release|Any CPU
		{6D9F3EDB-415E-4775-BEDF-2690DB31DC9C}.Debug|Any CPU.ActiveCfg = Debug|Any CPU
		{6D9F3EDB-415E-4775-BEDF-2690DB31DC9C}.Debug|Any CPU.Build.0 = Debug|Any CPU
		{6D9F3EDB-415E-4775-BEDF-2690DB31DC9C}.Release|Any CPU.ActiveCfg = Release|Any CPU
		{6D9F3EDB-415E-4775-BEDF-2690DB31DC9C}.Release|Any CPU.Build.0 = Release|Any CPU
		{E4DD7CA1-78A8-4216-896D-B3521BC76530}.Debug|Any CPU.ActiveCfg = Debug|Any CPU
		{E4DD7CA1-78A8-4216-896D-B3521BC76530}.Debug|Any CPU.Build.0 = Debug|Any CPU
		{E4DD7CA1-78A8-4216-896D-B3521BC76530}.Release|Any CPU.ActiveCfg = Release|Any CPU
		{E4DD7CA1-78A8-4216-896D-B3521BC76530}.Release|Any CPU.Build.0 = Release|Any CPU
		{3BB5CF32-D8A1-4830-B3A8-5F75E3B7EB21}.Debug|Any CPU.ActiveCfg = Debug|Any CPU
		{3BB5CF32-D8A1-4830-B3A8-5F75E3B7EB21}.Debug|Any CPU.Build.0 = Debug|Any CPU
		{3BB5CF32-D8A1-4830-B3A8-5F75E3B7EB21}.Release|Any CPU.ActiveCfg = Release|Any CPU
		{3BB5CF32-D8A1-4830-B3A8-5F75E3B7EB21}.Release|Any CPU.Build.0 = Release|Any CPU
	EndGlobalSection
	GlobalSection(SolutionProperties) = preSolution
		HideSolutionNode = FALSE
	EndGlobalSection
	GlobalSection(NestedProjects) = preSolution
		{63F46F8B-E8B0-4BDE-99CC-8B938DA229B9} = {EB40EEFA-5B1F-4EFA-AB42-E8705C744A90}
		{176214FC-42CC-457F-BB1E-3CE555018DEC} = {EB40EEFA-5B1F-4EFA-AB42-E8705C744A90}
		{FAC4966A-37B2-41FF-8ADC-6C2C9283EA97} = {EB40EEFA-5B1F-4EFA-AB42-E8705C744A90}
		{8C8B944B-9B86-48CB-A969-1FD7E6E30267} = {EB40EEFA-5B1F-4EFA-AB42-E8705C744A90}
		{5FBD81DE-2827-4ED9-A725-C74472E01284} = {EB40EEFA-5B1F-4EFA-AB42-E8705C744A90}
		{F518C09A-51C7-4D64-8570-7FE4F42373CD} = {91E1192A-B3D1-4D0E-A926-9582B1503677}
		{9945D0BA-8E6A-45A2-B45B-38CEA32B0D06} = {91E1192A-B3D1-4D0E-A926-9582B1503677}
		{55EBE12A-2935-4B62-80F9-31E539A2F9D4} = {91E1192A-B3D1-4D0E-A926-9582B1503677}
		{678AA1C1-EA37-4538-91BD-6A43C046F71D} = {91E1192A-B3D1-4D0E-A926-9582B1503677}
		{8A4061D3-D2AF-4F69-9239-4933FDF18486} = {91E1192A-B3D1-4D0E-A926-9582B1503677}
		{DDD577E8-4792-443C-9047-50D8060A6809} = {E392382C-69E2-4982-92A9-3E74DEEFF9D1}
		{02618E2B-1DAF-4028-B97A-30C1CAC0C704} = {1F5BFEEB-D612-4F25-BAC2-0EAE443F90CF}
		{7B54A614-A09E-43A9-8016-33C9BF405193} = {02618E2B-1DAF-4028-B97A-30C1CAC0C704}
		{51B85F65-825D-441A-8109-6EA9D9135820} = {02618E2B-1DAF-4028-B97A-30C1CAC0C704}
		{278D5B85-2365-4B20-9B31-B06C422736E8} = {02618E2B-1DAF-4028-B97A-30C1CAC0C704}
		{7319E705-77C3-47E4-9BB8-8E198D12C65C} = {02618E2B-1DAF-4028-B97A-30C1CAC0C704}
		{CF7F16DD-E6A4-4211-8BBA-0A7C5D3C5CA4} = {7B54A614-A09E-43A9-8016-33C9BF405193}
		{842811A5-9D0F-44FF-9E71-42A46166C2EE} = {7B54A614-A09E-43A9-8016-33C9BF405193}
		{C590715C-B8B0-4799-BB0D-1F9F0DC86CE8} = {02618E2B-1DAF-4028-B97A-30C1CAC0C704}
		{0F14D78A-DBD8-46E7-9357-72343CE8F575} = {51B85F65-825D-441A-8109-6EA9D9135820}
		{42115D99-3F40-4795-9966-F54C0412D1F3} = {278D5B85-2365-4B20-9B31-B06C422736E8}
		{D94304FF-232B-4E55-949E-9DF5DAB83AF7} = {278D5B85-2365-4B20-9B31-B06C422736E8}
		{3A551142-463A-41B6-9EAC-6DC8CD53D790} = {278D5B85-2365-4B20-9B31-B06C422736E8}
		{6D9F3EDB-415E-4775-BEDF-2690DB31DC9C} = {278D5B85-2365-4B20-9B31-B06C422736E8}
		{8E4EADF3-947E-4A69-83D5-295C30123B1E} = {10513750-4463-425C-B5E9-CCA5A17BC02F}
		{E4DD7CA1-78A8-4216-896D-B3521BC76530} = {8E4EADF3-947E-4A69-83D5-295C30123B1E}
		{3BB5CF32-D8A1-4830-B3A8-5F75E3B7EB21} = {8E4EADF3-947E-4A69-83D5-295C30123B1E}
	EndGlobalSection
	GlobalSection(ExtensibilityGlobals) = postSolution
		SolutionGuid = {C55CA892-37CA-4AB8-BE61-0D39E9BC1049}
	EndGlobalSection
EndGlobal
